
Microsoft Visual Studio Solution File, Format Version 12.00
# Visual Studio 2012
Project("{FAE04EC0-301F-11D3-BF4B-00C04F79EFBC}") = "Solstat.ConsoleClient", "Solstat.ConsoleClient\Solstat.ConsoleClient.csproj", "{627E4F2D-5B70-4797-AE15-92BE70B7E61D}"
EndProject
Project("{FAE04EC0-301F-11D3-BF4B-00C04F79EFBC}") = "Solstat.Library", "Solstat.Library\Solstat.Library.csproj", "{B8958DAF-17A7-41EF-8F5B-98DC3EB8DA84}"
EndProject
Project("{FAE04EC0-301F-11D3-BF4B-00C04F79EFBC}") = "Solstat.Library.Tests", "Solstat.Library.Tests\Solstat.Library.Tests.csproj", "{EBC65077-1D5D-4759-A987-D14E2AC99BE5}"
EndProject
Project("{FAE04EC0-301F-11D3-BF4B-00C04F79EFBC}") = "Solstat.VSExtension", "Solstat.VSExtension\Solstat.VSExtension.csproj", "{E85DF5E2-833C-421A-89BA-C988C532FB90}"
EndProject
Project("{FAE04EC0-301F-11D3-BF4B-00C04F79EFBC}") = "Solstat.UI", "Solstat.UI\Solstat.UI.csproj", "{31ED831C-5B3E-40D2-A9DC-7B2FB145C0C9}"
EndProject
Project("{FAE04EC0-301F-11D3-BF4B-00C04F79EFBC}") = "Solstat.WindowsClient", "Solstat.WindowsClient\Solstat.WindowsClient.csproj", "{38838D13-18BC-4D92-8FE8-88422D9AF383}"
EndProject
Global
	GlobalSection(SolutionConfigurationPlatforms) = preSolution
		Debug|Any CPU = Debug|Any CPU
		Release|Any CPU = Release|Any CPU
	EndGlobalSection
	GlobalSection(ProjectConfigurationPlatforms) = postSolution
		{627E4F2D-5B70-4797-AE15-92BE70B7E61D}.Debug|Any CPU.ActiveCfg = Debug|Any CPU
		{627E4F2D-5B70-4797-AE15-92BE70B7E61D}.Debug|Any CPU.Build.0 = Debug|Any CPU
		{627E4F2D-5B70-4797-AE15-92BE70B7E61D}.Release|Any CPU.ActiveCfg = Release|Any CPU
		{627E4F2D-5B70-4797-AE15-92BE70B7E61D}.Release|Any CPU.Build.0 = Release|Any CPU
		{B8958DAF-17A7-41EF-8F5B-98DC3EB8DA84}.Debug|Any CPU.ActiveCfg = Debug|Any CPU
		{B8958DAF-17A7-41EF-8F5B-98DC3EB8DA84}.Debug|Any CPU.Build.0 = Debug|Any CPU
		{B8958DAF-17A7-41EF-8F5B-98DC3EB8DA84}.Release|Any CPU.ActiveCfg = Release|Any CPU
		{B8958DAF-17A7-41EF-8F5B-98DC3EB8DA84}.Release|Any CPU.Build.0 = Release|Any CPU
		{EBC65077-1D5D-4759-A987-D14E2AC99BE5}.Debug|Any CPU.ActiveCfg = Debug|Any CPU
		{EBC65077-1D5D-4759-A987-D14E2AC99BE5}.Debug|Any CPU.Build.0 = Debug|Any CPU
		{EBC65077-1D5D-4759-A987-D14E2AC99BE5}.Release|Any CPU.ActiveCfg = Release|Any CPU
		{EBC65077-1D5D-4759-A987-D14E2AC99BE5}.Release|Any CPU.Build.0 = Release|Any CPU
		{E85DF5E2-833C-421A-89BA-C988C532FB90}.Debug|Any CPU.ActiveCfg = Debug|Any CPU
		{E85DF5E2-833C-421A-89BA-C988C532FB90}.Debug|Any CPU.Build.0 = Debug|Any CPU
		{E85DF5E2-833C-421A-89BA-C988C532FB90}.Release|Any CPU.ActiveCfg = Release|Any CPU
		{E85DF5E2-833C-421A-89BA-C988C532FB90}.Release|Any CPU.Build.0 = Release|Any CPU
		{31ED831C-5B3E-40D2-A9DC-7B2FB145C0C9}.Debug|Any CPU.ActiveCfg = Debug|Any CPU
		{31ED831C-5B3E-40D2-A9DC-7B2FB145C0C9}.Debug|Any CPU.Build.0 = Debug|Any CPU
		{31ED831C-5B3E-40D2-A9DC-7B2FB145C0C9}.Release|Any CPU.ActiveCfg = Release|Any CPU
		{31ED831C-5B3E-40D2-A9DC-7B2FB145C0C9}.Release|Any CPU.Build.0 = Release|Any CPU
		{38838D13-18BC-4D92-8FE8-88422D9AF383}.Debug|Any CPU.ActiveCfg = Debug|Any CPU
		{38838D13-18BC-4D92-8FE8-88422D9AF383}.Debug|Any CPU.Build.0 = Debug|Any CPU
		{38838D13-18BC-4D92-8FE8-88422D9AF383}.Release|Any CPU.ActiveCfg = Release|Any CPU
		{38838D13-18BC-4D92-8FE8-88422D9AF383}.Release|Any CPU.Build.0 = Release|Any CPU
	EndGlobalSection
	GlobalSection(SolutionProperties) = preSolution
		HideSolutionNode = FALSE
	EndGlobalSection
EndGlobal
